{
    "_readme": [
        "This file locks the dependencies of your project to a known state",
        "Read more about it at https://getcomposer.org/doc/01-basic-usage.md#installing-dependencies",
        "This file is @generated automatically"
    ],
    "content-hash": "aad162c256e34feff11c4a358202b5c0",
    "packages": [
        {
            "name": "deliciousbrains/wp-background-processing",
            "version": "dev-master",
            "source": {
                "type": "git",
                "url": "https://github.com/deliciousbrains/wp-background-processing.git",
                "reference": "c8db1b9061904fb30e3d0d06430cb265b7ef829d"
            },
            "dist": {
                "type": "zip",
                "url": "https://api.github.com/repos/deliciousbrains/wp-background-processing/zipball/c8db1b9061904fb30e3d0d06430cb265b7ef829d",
                "reference": "c8db1b9061904fb30e3d0d06430cb265b7ef829d",
                "shasum": ""
            },
            "require": {
                "php": ">=5.2"
            },
            "type": "library",
            "autoload": {
                "classmap": [
                    "classes/"
                ]
            },
            "notification-url": "https://packagist.org/downloads/",
            "license": [
                "GPL-2.0-only"
            ],
            "authors": [
                {
                    "name": "Delicious Brains",
                    "email": "nom@deliciousbrains.com"
                }
            ],
            "description": "WP Background Processing can be used to fire off non-blocking asynchronous requests or as a background processing tool, allowing you to queue tasks.",
            "time": "2020-02-13T15:24:30+00:00"
        },
        {
            "name": "kallookoo/wp_parse_args_recursive",
            "version": "1.2.1",
            "source": {
                "type": "git",
                "url": "https://github.com/kallookoo/wp_parse_args_recursive.git",
                "reference": "b42119c04763bab5d4e4701fa39c39ee19c2448f"
            },
            "dist": {
                "type": "zip",
                "url": "https://api.github.com/repos/kallookoo/wp_parse_args_recursive/zipball/b42119c04763bab5d4e4701fa39c39ee19c2448f",
                "reference": "b42119c04763bab5d4e4701fa39c39ee19c2448f",
                "shasum": ""
            },
            "type": "library",
            "autoload": {
                "files": [
                    "src/wp-parse-args-recursive.php"
                ]
            },
            "notification-url": "https://packagist.org/downloads/",
            "license": [
                "GPL-2.0+"
            ],
            "authors": [
                {
                    "name": "Sergio (kallookoo)",
                    "email": "sergio@dsergio.com"
                }
            ],
            "description": "Like wp_parse_args but supports recursivity. By default converts the returned type based on the $args and $defaults",
            "homepage": "https://github.com/kallookoo/wp_parse_args_recursive",
            "time": "2018-10-18T16:30:37+00:00"
        },
        {
            "name": "spatie/array-to-xml",
            "version": "2.11.2",
            "source": {
                "type": "git",
                "url": "https://github.com/spatie/array-to-xml.git",
                "reference": "bdb5bc735b0639f6f438e935b13f7ac216239679"
            },
            "dist": {
                "type": "zip",
                "url": "https://api.github.com/repos/spatie/array-to-xml/zipball/bdb5bc735b0639f6f438e935b13f7ac216239679",
                "reference": "bdb5bc735b0639f6f438e935b13f7ac216239679",
                "shasum": ""
            },
            "require": {
                "ext-dom": "*",
                "php": "^7.2"
            },
            "require-dev": {
                "mockery/mockery": "^1.0",
                "phpunit/phpunit": "^8.0",
                "spatie/phpunit-snapshot-assertions": "^2.0"
            },
            "type": "library",
            "autoload": {
                "psr-4": {
                    "Spatie\\ArrayToXml\\": "src"
                }
            },
            "notification-url": "https://packagist.org/downloads/",
            "license": [
                "MIT"
            ],
            "authors": [
                {
                    "name": "Freek Van der Herten",
                    "role": "Developer",
                    "email": "freek@spatie.be",
                    "homepage": "https://murze.be"
                }
            ],
            "description": "Convert an array to xml",
            "homepage": "https://github.com/spatie/array-to-xml",
            "keywords": [
                "array",
                "convert",
                "xml"
            ],
            "time": "2019-08-21T06:32:31+00:00"
        }
    ],
    "packages-dev": [],
    "aliases": [],
    "minimum-stability": "stable",
    "stability-flags": {
        "deliciousbrains/wp-background-processing": 20
    },
    "prefer-stable": false,
    "prefer-lowest": false,
    "platform": [],
    "platform-dev": [],
    "plugin-api-version": "1.1.0"
}
