{
    "_readme": [
        "This file locks the dependencies of your project to a known state",
        "Read more about it at https://getcomposer.org/doc/01-basic-usage.md#installing-dependencies",
        "This file is @generated automatically"
    ],
    "content-hash": "07bdfbf589b71b0b3d45a5c04084b42c",
    "packages": [
        {
            "name": "adbario/php-dot-notation",
            "version": "2.2.0",
            "source": {
                "type": "git",
                "url": "https://github.com/adbario/php-dot-notation.git",
                "reference": "eee4fc81296531e6aafba4c2bbccfc5adab1676e"
            },
            "dist": {
                "type": "zip",
                "url": "https://api.github.com/repos/adbario/php-dot-notation/zipball/eee4fc81296531e6aafba4c2bbccfc5adab1676e",
                "reference": "eee4fc81296531e6aafba4c2bbccfc5adab1676e",
                "shasum": ""
            },
            "require": {
                "ext-json": "*",
                "php": ">=5.5"
            },
            "require-dev": {
                "phpunit/phpunit": "^4.0|^5.0|^6.0",
                "squizlabs/php_codesniffer": "^3.0"
            },
            "type": "library",
            "autoload": {
                "files": [
                    "src/helpers.php"
                ],
                "psr-4": {
                    "Adbar\\": "src"
                }
            },
            "notification-url": "https://packagist.org/downloads/",
            "license": [
                "MIT"
            ],
            "authors": [
                {
                    "name": "Riku Särkinen",
                    "email": "riku@adbar.io"
                }
            ],
            "description": "PHP dot notation access to arrays",
            "homepage": "https://github.com/adbario/php-dot-notation",
            "keywords": [
                "ArrayAccess",
                "dotnotation"
            ],
            "support": {
                "issues": "https://github.com/adbario/php-dot-notation/issues",
                "source": "https://github.com/adbario/php-dot-notation/tree/2.x"
            },
            "time": "2019-01-01T23:59:15+00:00"
        },
        {
            "name": "kallookoo/wp_parse_args_recursive",
            "version": "1.2.1",
            "source": {
                "type": "git",
                "url": "https://github.com/kallookoo/wp_parse_args_recursive.git",
                "reference": "b42119c04763bab5d4e4701fa39c39ee19c2448f"
            },
            "dist": {
                "type": "zip",
                "url": "https://api.github.com/repos/kallookoo/wp_parse_args_recursive/zipball/b42119c04763bab5d4e4701fa39c39ee19c2448f",
                "reference": "b42119c04763bab5d4e4701fa39c39ee19c2448f",
                "shasum": ""
            },
            "type": "library",
            "autoload": {
                "files": [
                    "src/wp-parse-args-recursive.php"
                ]
            },
            "notification-url": "https://packagist.org/downloads/",
            "license": [
                "GPL-2.0+"
            ],
            "authors": [
                {
                    "name": "Sergio (kallookoo)",
                    "email": "sergio@dsergio.com"
                }
            ],
            "description": "Like wp_parse_args but supports recursivity. By default converts the returned type based on the $args and $defaults",
            "homepage": "https://github.com/kallookoo/wp_parse_args_recursive",
            "support": {
                "issues": "https://github.com/kallookoo/wp_parse_args_recursive/issues",
                "source": "https://github.com/kallookoo/wp_parse_args_recursive/tree/master"
            },
            "time": "2018-10-18T16:30:37+00:00"
        },
        {
            "name": "mustache/mustache",
            "version": "v2.13.0",
            "source": {
                "type": "git",
                "url": "https://github.com/bobthecow/mustache.php.git",
                "reference": "e95c5a008c23d3151d59ea72484d4f72049ab7f4"
            },
            "dist": {
                "type": "zip",
                "url": "https://api.github.com/repos/bobthecow/mustache.php/zipball/e95c5a008c23d3151d59ea72484d4f72049ab7f4",
                "reference": "e95c5a008c23d3151d59ea72484d4f72049ab7f4",
                "shasum": ""
            },
            "require": {
                "php": ">=5.2.4"
            },
            "require-dev": {
                "friendsofphp/php-cs-fixer": "~1.11",
                "phpunit/phpunit": "~3.7|~4.0|~5.0"
            },
            "type": "library",
            "autoload": {
                "psr-0": {
                    "Mustache": "src/"
                }
            },
            "notification-url": "https://packagist.org/downloads/",
            "license": [
                "MIT"
            ],
            "authors": [
                {
                    "name": "Justin Hileman",
                    "email": "justin@justinhileman.info",
                    "homepage": "http://justinhileman.com"
                }
            ],
            "description": "A Mustache implementation in PHP.",
            "homepage": "https://github.com/bobthecow/mustache.php",
            "keywords": [
                "mustache",
                "templating"
            ],
            "support": {
                "issues": "https://github.com/bobthecow/mustache.php/issues",
                "source": "https://github.com/bobthecow/mustache.php/tree/master"
            },
            "time": "2019-11-23T21:40:31+00:00"
        },
        {
            "name": "spatie/array-to-xml",
            "version": "2.16.0",
            "source": {
                "type": "git",
                "url": "https://github.com/spatie/array-to-xml.git",
                "reference": "db39308c5236b69b89cadc3f44f191704814eae2"
            },
            "dist": {
                "type": "zip",
                "url": "https://api.github.com/repos/spatie/array-to-xml/zipball/db39308c5236b69b89cadc3f44f191704814eae2",
                "reference": "db39308c5236b69b89cadc3f44f191704814eae2",
                "shasum": ""
            },
            "require": {
                "ext-dom": "*",
                "php": "^7.4|^8.0"
            },
            "require-dev": {
                "mockery/mockery": "^1.2",
                "phpunit/phpunit": "^9.0",
                "spatie/phpunit-snapshot-assertions": "^4.2"
            },
            "type": "library",
            "autoload": {
                "psr-4": {
                    "Spatie\\ArrayToXml\\": "src"
                }
            },
            "notification-url": "https://packagist.org/downloads/",
            "license": [
                "MIT"
            ],
            "authors": [
                {
                    "name": "Freek Van der Herten",
                    "email": "freek@spatie.be",
                    "homepage": "https://freek.dev",
                    "role": "Developer"
                }
            ],
            "description": "Convert an array to xml",
            "homepage": "https://github.com/spatie/array-to-xml",
            "keywords": [
                "array",
                "convert",
                "xml"
            ],
            "support": {
                "issues": "https://github.com/spatie/array-to-xml/issues",
                "source": "https://github.com/spatie/array-to-xml/tree/2.16.0"
            },
            "funding": [
                {
                    "url": "https://spatie.be/open-source/support-us",
                    "type": "custom"
                },
                {
                    "url": "https://github.com/spatie",
                    "type": "github"
                }
            ],
            "time": "2020-11-18T22:03:17+00:00"
        },
        {
            "name": "spatie/enum",
            "version": "3.8.0",
            "source": {
                "type": "git",
                "url": "https://github.com/spatie/enum.git",
                "reference": "9da7dfe60deabeabee217125b505e28107ca4a84"
            },
            "dist": {
                "type": "zip",
                "url": "https://api.github.com/repos/spatie/enum/zipball/9da7dfe60deabeabee217125b505e28107ca4a84",
                "reference": "9da7dfe60deabeabee217125b505e28107ca4a84",
                "shasum": ""
            },
            "require": {
                "ext-json": "*",
                "php": "^7.4 || ^8.0"
            },
            "require-dev": {
                "fakerphp/faker": "^1.9.1",
                "larapack/dd": "^1.1",
                "phpunit/phpunit": "^9.0",
                "vimeo/psalm": "^4.3"
            },
            "suggest": {
                "fakerphp/faker": "To use the enum faker provider",
                "phpunit/phpunit": "To use the enum assertions"
            },
            "type": "library",
            "autoload": {
                "psr-4": {
                    "Spatie\\Enum\\": "src"
                }
            },
            "notification-url": "https://packagist.org/downloads/",
            "license": [
                "MIT"
            ],
            "authors": [
                {
                    "name": "Brent Roose",
                    "email": "brent@spatie.be",
                    "homepage": "https://spatie.be",
                    "role": "Developer"
                },
                {
                    "name": "Tom Witkowski",
                    "email": "dev@gummibeer.de",
                    "homepage": "https://gummibeer.de",
                    "role": "Developer"
                }
            ],
            "description": "PHP Enums",
            "homepage": "https://github.com/spatie/enum",
            "keywords": [
                "enum",
                "enumerable",
                "spatie"
            ],
            "support": {
                "docs": "https://docs.spatie.be/enum",
                "issues": "https://github.com/spatie/enum/issues",
                "source": "https://github.com/spatie/enum"
            },
            "funding": [
                {
                    "url": "https://spatie.be/open-source/support-us",
                    "type": "custom"
                },
                {
                    "url": "https://github.com/spatie",
                    "type": "github"
                }
            ],
            "time": "2021-04-12T13:24:11+00:00"
        },
        {
            "name": "woocommerce/action-scheduler",
            "version": "3.1.6",
            "source": {
                "type": "git",
                "url": "https://github.com/woocommerce/action-scheduler.git",
                "reference": "275d0ba54b1c263dfc62688de2fa9a25a373edf8"
            },
            "dist": {
                "type": "zip",
                "url": "https://api.github.com/repos/woocommerce/action-scheduler/zipball/275d0ba54b1c263dfc62688de2fa9a25a373edf8",
                "reference": "275d0ba54b1c263dfc62688de2fa9a25a373edf8",
                "shasum": ""
            },
            "require-dev": {
                "phpunit/phpunit": "^5.6",
                "woocommerce/woocommerce-sniffs": "0.0.8",
                "wp-cli/wp-cli": "~1.5.1"
            },
            "type": "wordpress-plugin",
            "extra": {
                "scripts-description": {
                    "test": "Run unit tests",
                    "phpcs": "Analyze code against the WordPress coding standards with PHP_CodeSniffer",
                    "phpcbf": "Fix coding standards warnings/errors automatically with PHP Code Beautifier"
                }
            },
            "notification-url": "https://packagist.org/downloads/",
            "license": [
                "GPL-3.0-or-later"
            ],
            "description": "Action Scheduler for WordPress and WooCommerce",
            "homepage": "https://actionscheduler.org/",
            "support": {
                "issues": "https://github.com/woocommerce/action-scheduler/issues",
                "source": "https://github.com/woocommerce/action-scheduler/tree/master"
            },
            "time": "2020-05-12T16:22:33+00:00"
        }
    ],
    "packages-dev": [],
    "aliases": [],
    "minimum-stability": "stable",
    "stability-flags": [],
    "prefer-stable": false,
    "prefer-lowest": false,
    "platform": {
        "php": ">=7.4"
    },
    "platform-dev": [],
    "plugin-api-version": "2.0.0"
}
